
Microsoft Visual Studio Solution File, Format Version 12.00
# Visual Studio Version 17
VisualStudioVersion = 17.9.34607.119
MinimumVisualStudioVersion = 10.0.40219.1
Project("{8BC9CEB8-8B4A-11D0-8D11-00A0C91BC942}") = "SleepyEngine", "SleepyEngine\SleepyEngine.vcxproj", "{75A68ABE-552F-4E73-B6E1-A29416F1D7DD}"
EndProject
Project("{8BC9CEB8-8B4A-11D0-8D11-00A0C91BC942}") = "SleepyGame", "SleepyGame\SleepyGame.vcxproj", "{CEA0649C-D1FC-4FEE-B430-1BDCEC65EBD5}"
	ProjectSection(ProjectDependencies) = postProject
		{75A68ABE-552F-4E73-B6E1-A29416F1D7DD} = {75A68ABE-552F-4E73-B6E1-A29416F1D7DD}
	EndProjectSection
EndProject
Global
	GlobalSection(SolutionConfigurationPlatforms) = preSolution
		Debug|x64 = Debug|x64
		Debug|x86 = Debug|x86
		Release|x64 = Release|x64
		Release|x86 = Release|x86
	EndGlobalSection
	GlobalSection(ProjectConfigurationPlatforms) = postSolution
		{75A68ABE-552F-4E73-B6E1-A29416F1D7DD}.Debug|x64.ActiveCfg = Debug|x64
		{75A68ABE-552F-4E73-B6E1-A29416F1D7DD}.Debug|x64.Build.0 = Debug|x64
		{75A68ABE-552F-4E73-B6E1-A29416F1D7DD}.Debug|x86.ActiveCfg = Debug|Win32
		{75A68ABE-552F-4E73-B6E1-A29416F1D7DD}.Debug|x86.Build.0 = Debug|Win32
		{75A68ABE-552F-4E73-B6E1-A29416F1D7DD}.Release|x64.ActiveCfg = Release|x64
		{75A68ABE-552F-4E73-B6E1-A29416F1D7DD}.Release|x64.Build.0 = Release|x64
		{75A68ABE-552F-4E73-B6E1-A29416F1D7DD}.Release|x86.ActiveCfg = Release|Win32
		{75A68ABE-552F-4E73-B6E1-A29416F1D7DD}.Release|x86.Build.0 = Release|Win32
		{CEA0649C-D1FC-4FEE-B430-1BDCEC65EBD5}.Debug|x64.ActiveCfg = Debug|x64
		{CEA0649C-D1FC-4FEE-B430-1BDCEC65EBD5}.Debug|x64.Build.0 = Debug|x64
		{CEA0649C-D1FC-4FEE-B430-1BDCEC65EBD5}.Debug|x86.ActiveCfg = Debug|Win32
		{CEA0649C-D1FC-4FEE-B430-1BDCEC65EBD5}.Debug|x86.Build.0 = Debug|Win32
		{CEA0649C-D1FC-4FEE-B430-1BDCEC65EBD5}.Release|x64.ActiveCfg = Release|x64
		{CEA0649C-D1FC-4FEE-B430-1BDCEC65EBD5}.Release|x64.Build.0 = Release|x64
		{CEA0649C-D1FC-4FEE-B430-1BDCEC65EBD5}.Release|x86.ActiveCfg = Release|Win32
		{CEA0649C-D1FC-4FEE-B430-1BDCEC65EBD5}.Release|x86.Build.0 = Release|Win32
	EndGlobalSection
	GlobalSection(SolutionProperties) = preSolution
		HideSolutionNode = FALSE
	EndGlobalSection
	GlobalSection(ExtensibilityGlobals) = postSolution
		SolutionGuid = {47C2ACEE-7007-4053-BECF-0FDB73C85BD2}
	EndGlobalSection
EndGlobal
