<?xml version="1.0" encoding="utf-8"?>
<Project ToolsVersion="4.0" xmlns="http://schemas.microsoft.com/developer/msbuild/2003">
  <ItemGroup>
    <ClCompile Include="src\ecs\components\Collider.cpp" />
    <ClCompile Include="src\ecs\components\ColliderOBB.cpp" />
    <ClCompile Include="src\ecs\components\ColliderSphere.cpp" />
    <ClCompile Include="src\ecs\components\Script.cpp" />
    <ClCompile Include="src\ecs\components\Component.cpp" />
    <ClCompile Include="src\ecs\components\ShaderReference.cpp" />
    <ClCompile Include="src\GameStates\GameState.cpp" />
    <ClCompile Include="src\core\Mesh.cpp" />
    <ClCompile Include="src\ecs\Entity.cpp" />
    <ClCompile Include="src\core\SleepyEngine.cpp" />
    <ClCompile Include="src\core\Timer.cpp" />
    <ClCompile Include="src\ecs\components\Transform.cpp" />
    <ClCompile Include="src\utils\D3DUtils.cpp" />
    <ClCompile Include="src\utils\HResultException.cpp" />
    <ClCompile Include="src\utils\MathHelper.cpp" />
    <ClCompile Include="src\graphics\SwapChain.cpp" />
    <ClCompile Include="src\graphics\Device.cpp" />
    <ClCompile Include="src\graphics\FrameResource.cpp" />
    <ClCompile Include="src\graphics\Window.cpp" />
    <ClCompile Include="src\graphics\Renderer.cpp" />
    <ClCompile Include="src\graphics\CommandQueue.cpp" />
    <ClCompile Include="src\core\Camera.cpp" />
    <ClCompile Include="src\ecs\System.cpp" />
    <ClCompile Include="src\utils\Utils.cpp" />
    <ClCompile Include="src\ecs\components\MeshReference.cpp" />
    <ClCompile Include="src\GameStates\EngineTestGameState.cpp" />
    <ClCompile Include="src\graphics\shaders\Shader.cpp" />
    <ClCompile Include="src\ecs\Factory.cpp" />
    <ClCompile Include="src\utils\ResourceAllocator.cpp" />
    <ClCompile Include="src\graphics\shaders\ShaderColor.cpp" />
    <ClCompile Include="src\ecs\components\Velocity.cpp" />
    <ClCompile Include="src\ecs\components\ComponentsDescriptors.cpp" />
    <ClCompile Include="src\Physic\PhysicHandler.cpp" />
    <ClCompile Include="src\ecs\GameSystem.cpp" />
  </ItemGroup>
  <ItemGroup>
    <ClInclude Include="headers\Components\Collider.h" />
    <ClInclude Include="headers\Core\GameState.h" />
    <ClInclude Include="headers\Component.h" />
    <ClInclude Include="headers\Utils\D3DUtils.h" />
    <ClInclude Include="headers\Entity.h" />
    <ClInclude Include="headers\framework.h" />
    <ClInclude Include="headers\Utils\MathHelper.h" />
    <ClInclude Include="headers\Mesh.h" />
    <ClInclude Include="headers\pch.h" />
    <ClInclude Include="headers\Resource.h" />
    <ClInclude Include="headers\SleepyEngine.h" />
    <ClInclude Include="headers\Core\Timer.h" />
    <ClInclude Include="headers\Components\Transform.h" />
    <ClInclude Include="headers\Utils\d3dx12.h" />
    <ClInclude Include="headers\Utils\UploadBuffer.h" />
    <ClInclude Include="headers\Utils\HResultException.h" />
    <ClInclude Include="headers\Components\ShaderReference.h" />
    <ClInclude Include="headers\Components\Script.h" />
    <ClInclude Include="src\utils\d3dx12.h" />
    <ClInclude Include="resource.h" />
    <ClInclude Include="headers\Graphics\CommandQueue.h" />
    <ClInclude Include="headers\Graphics\Device.h" />
    <ClInclude Include="headers\Graphics\FrameResource.h" />
    <ClInclude Include="headers\Graphics\Renderer.h" />
    <ClInclude Include="headers\Graphics\SwapChain.h" />
    <ClInclude Include="headers\Graphics\Window.h" />
    <ClInclude Include="headers\Utils\Constants.h" />
    <ClInclude Include="headers\ECS\System.h" />
    <ClInclude Include="headers\Core\SleepyEngine.h" />
    <ClInclude Include="headers\ECS\Entity.h" />
    <ClInclude Include="headers\ECS\Component.h" />
    <ClInclude Include="headers\Engine.h" />
    <ClInclude Include="headers\Camera.h" />
    <ClInclude Include="headers\Utils\Utils.h" />
    <ClInclude Include="headers\Components\MeshReference.h" />
    <ClInclude Include="headers\EngineTestGameState.h" />
    <ClInclude Include="headers\Graphics\Shader.h" />
    <ClInclude Include="headers\ECS\Factory.h" />
    <ClInclude Include="headers\Utils\ResourceAllocator.h" />
    <ClInclude Include="headers\Graphics\ShaderColor.h" />
    <ClInclude Include="headers\Components\Velocity.h" />
    <ClInclude Include="headers\Components\ComponentsDescriptors.h" />
    <ClInclude Include="headers\Physic\PhysicHandler.h" />
    <ClInclude Include="headers\ECS\GameSystem.h" />
  </ItemGroup>
  <ItemGroup>
    <ResourceCompile Include="SleepyEngine.rc" />
  </ItemGroup>
  <ItemGroup>
    <Image Include="SleepyEngine.ico" />
    <Image Include="small.ico" />
  </ItemGroup>
  <ItemGroup>
    <None Include="SleepyEngine.aps" />
    <None Include="packages.config" />
  </ItemGroup>
  <ItemGroup>
    <Text Include="src\graphics\shaders\Color.hlsl" />
  </ItemGroup>
</Project>