<?xml version="1.0" encoding="utf-8"?>
<Project ToolsVersion="4.0" xmlns="http://schemas.microsoft.com/developer/msbuild/2003">
  <ItemGroup>
    <ClCompile Include="src\components\Collider.cpp" />
    <ClCompile Include="src\components\ColliderOBB.cpp" />
    <ClCompile Include="src\components\ColliderSphere.cpp" />
    <ClCompile Include="src\components\MeshRenderer.cpp" />
    <ClCompile Include="src\components\Script.cpp" />
    <ClCompile Include="src\ecs\Component.cpp" />
    <ClCompile Include="src\components\ShaderReference.cpp" />
    <ClCompile Include="src\GameStates\GameState.cpp" />
    <ClCompile Include="src\components\Mesh.cpp" />
    <ClCompile Include="src\ecs\Entity.cpp" />
    <ClCompile Include="src\core\PSO.cpp" />
    <ClCompile Include="src\core\SleepyEngine.cpp" />
    <ClCompile Include="src\core\Timer.cpp" />
    <ClCompile Include="src\components\Transform.cpp" />
    <ClCompile Include="src\shaders\OldShader.cpp" />
    <ClCompile Include="src\utils\D3DUtils.cpp" />
    <ClCompile Include="src\utils\HResultException.cpp" />
    <ClCompile Include="src\utils\MathHelper.cpp" />
    <ClCompile Include="src\components\tmpMeshGeo.cpp" />
    <ClCompile Include="src\graphics\SwapChain.cpp" />
    <ClCompile Include="src\graphics\Device.cpp" />
    <ClCompile Include="src\graphics\FrameResource.cpp" />
    <ClCompile Include="src\graphics\Window.cpp" />
    <ClCompile Include="src\graphics\Renderer.cpp" />
    <ClCompile Include="src\graphics\CommandQueue.cpp" />
    <ClCompile Include="src\core\OldSleepyEngine.cpp" />
    <ClCompile Include="src\core\Camera.cpp" />
    <ClCompile Include="src\ecs\System.cpp" />
    <ClCompile Include="src\utils\Utils.cpp" />
    <ClCompile Include="src\components\MeshReference.cpp" />
    <ClCompile Include="src\GameStates\EngineTestGameState.cpp" />
    <ClCompile Include="src\graphics\Shader.cpp" />
    <ClCompile Include="SRC\SHADERS\SHADER.CPP" />
  </ItemGroup>
  <ItemGroup>
    <ClInclude Include="headers\Collider.h" />
    <ClInclude Include="headers\ColliderOBB.h" />
    <ClInclude Include="headers\ColliderSphere.h" />
    <ClInclude Include="headers\Core\GameState.h" />
    <ClInclude Include="headers\Component.h" />
    <ClInclude Include="headers\D3DUtils.h" />
    <ClInclude Include="headers\Entity.h" />
    <ClInclude Include="headers\framework.h" />
    <ClInclude Include="headers\MathHelper.h" />
    <ClInclude Include="headers\Mesh.h" />
    <ClInclude Include="headers\pch.h" />
    <ClInclude Include="headers\PSO.h" />
    <ClInclude Include="headers\Resource.h" />
    <ClInclude Include="headers\OldShader.h" />
    <ClInclude Include="headers\SleepyEngine.h" />
    <ClInclude Include="headers\Timer.h" />
    <ClInclude Include="headers\Components\Transform.h" />
    <ClInclude Include="headers\d3dx12.h" />
    <ClInclude Include="headers\UploadBuffer.h" />
    <ClInclude Include="headers\Utils\HResultException.h" />
    <ClInclude Include="headers\Components\ShaderReference.h" />
    <ClInclude Include="headers\MeshRenderer.h" />
    <ClInclude Include="headers\Script.h" />
    <ClInclude Include="src\utils\d3dx12.h" />
    <ClInclude Include="resource.h" />
    <ClInclude Include="headers\tmpMeshGeo.h" />
    <ClInclude Include="headers\Graphics\CommandQueue.h" />
    <ClInclude Include="headers\Graphics\Device.h" />
    <ClInclude Include="headers\Graphics\FrameResource.h" />
    <ClInclude Include="headers\Graphics\Renderer.h" />
    <ClInclude Include="headers\Graphics\SwapChain.h" />
    <ClInclude Include="headers\Graphics\Window.h" />
    <ClInclude Include="headers\Utils\Constants.h" />
    <ClInclude Include="headers\ECS\System.h" />
    <ClInclude Include="headers\Core\SleepyEngine.h" />
    <ClInclude Include="headers\OldSleepyEngine.h" />
    <ClInclude Include="headers\ECS\Entity.h" />
    <ClInclude Include="headers\ECS\Component.h" />
    <ClInclude Include="headers\Engine.h" />
    <ClInclude Include="headers\Camera.h" />
    <ClInclude Include="headers\Utils\Utils.h" />
    <ClInclude Include="headers\Components\MeshReference.h" />
    <ClInclude Include="headers\EngineTestGameState.h" />
    <ClInclude Include="headers\Graphics\Shader.h" />
    <ClInclude Include="HEADERS\SHADER.H" />
  </ItemGroup>
  <ItemGroup>
    <ResourceCompile Include="SleepyEngine.rc" />
  </ItemGroup>
  <ItemGroup>
    <Image Include="SleepyEngine.ico" />
    <Image Include="small.ico" />
  </ItemGroup>
  <ItemGroup>
    <None Include="SleepyEngine.aps" />
  </ItemGroup>
  <ItemGroup>
    <Text Include="src\shaders\Color.hlsl" />
  </ItemGroup>
</Project>